{
  "name": "bill",
  "lockfileVersion": 3,
  "requires": true,
  "packages": {
    "": {
      "name": "bill",
      "workspaces": [
        ".customPkgs/*"
      ]
    },
    ".customPkgs/utils": {},
    "node_modules/utils": {
      "resolved": ".customPkgs/utils",
      "link": true
    }
  }
}
